
Microsoft Visual Studio Solution File, Format Version 12.00
# Visual Studio Version 17
VisualStudioVersion = 17.5.002.0
MinimumVisualStudioVersion = 10.0.40219.1
Project("{9A19103F-16F7-4668-BE54-9A1E7A4F7556}") = "C# instalateur virus", "C# instalateur virus.csproj", "{2B2F907F-8B57-4773-A2EA-B2D1F1CCBF97}"
EndProject
Global
	GlobalSection(SolutionConfigurationPlatforms) = preSolution
		Debug|Any CPU = Debug|Any CPU
		Release|Any CPU = Release|Any CPU
	EndGlobalSection
	GlobalSection(ProjectConfigurationPlatforms) = postSolution
		{2B2F907F-8B57-4773-A2EA-B2D1F1CCBF97}.Debug|Any CPU.ActiveCfg = Debug|Any CPU
		{2B2F907F-8B57-4773-A2EA-B2D1F1CCBF97}.Debug|Any CPU.Build.0 = Debug|Any CPU
		{2B2F907F-8B57-4773-A2EA-B2D1F1CCBF97}.Release|Any CPU.ActiveCfg = Release|Any CPU
		{2B2F907F-8B57-4773-A2EA-B2D1F1CCBF97}.Release|Any CPU.Build.0 = Release|Any CPU
	EndGlobalSection
	GlobalSection(SolutionProperties) = preSolution
		HideSolutionNode = FALSE
	EndGlobalSection
	GlobalSection(ExtensibilityGlobals) = postSolution
		SolutionGuid = {D1866A2C-62F1-4352-B06F-B7A11545A410}
	EndGlobalSection
EndGlobal
